
Microsoft Visual Studio Solution File, Format Version 12.00
# Visual Studio 15
VisualStudioVersion = 15.0.26124.0
MinimumVisualStudioVersion = 15.0.26124.0
Project("{FAE04EC0-301F-11D3-BF4B-00C04F79EFBC}") = "Hydra.Core", "..\hydra-core\dotnet3.1\Hydra.Core\Hydra.Core.csproj", "{DD6BF30E-340F-4707-B729-084F324C1D3E}"
EndProject
Project("{FAE04EC0-301F-11D3-BF4B-00C04F79EFBC}") = "Hydra.WebAPI.Core", "..\hydra-core\dotnet3.1\Hydra.WebAPI.Core\Hydra.WebAPI.Core.csproj", "{7B76D2FA-E68B-421B-86F9-F520DC2A20A3}"
EndProject
Project("{FAE04EC0-301F-11D3-BF4B-00C04F79EFBC}") = "Hydra.Basket.Infrastructure", "Hydra.Basket.Infrastructure\Hydra.Basket.Infrastructure.csproj", "{3899335A-1223-4B80-A1A9-65A366A5AFDB}"
EndProject
Project("{FAE04EC0-301F-11D3-BF4B-00C04F79EFBC}") = "Hydra.Basket.API", "Hydra.Basket.API\Hydra.Basket.API.csproj", "{72937ED4-2FD4-44C9-B03F-1374EB441F2C}"
EndProject
Project("{2150E333-8FDC-42A3-9474-1A3956D46DE8}") = "Building Blocks", "Building Blocks", "{E35DED20-12BB-11EB-B7FD-A7346BE74383}"
EndProject
Project("{FAE04EC0-301F-11D3-BF4B-00C04F79EFBC}") = "Hydra.Basket.Domain", "Hydra.Basket.Domain\Hydra.Basket.Domain.csproj", "{24E7BD86-7403-4FEE-A87A-122FBBD274C9}"
EndProject
Project("{FAE04EC0-301F-11D3-BF4B-00C04F79EFBC}") = "Hydra.Core.Integration", "..\hydra-core\dotnet3.1\Hydra.Core.Integration\Hydra.Core.Integration.csproj", "{DB669E00-06DD-4188-97EC-7144F9DEFD0B}"
EndProject
Project("{FAE04EC0-301F-11D3-BF4B-00C04F79EFBC}") = "Hydra.Core.MessageBus", "..\hydra-core\dotnet3.1\Hydra.Core.MessageBus\Hydra.Core.MessageBus.csproj", "{CFEBE599-BCF8-4A28-A676-FA20C091C5A2}"
EndProject
Global
	GlobalSection(SolutionConfigurationPlatforms) = preSolution
		Debug|Any CPU = Debug|Any CPU
		Debug|x64 = Debug|x64
		Debug|x86 = Debug|x86
		Release|Any CPU = Release|Any CPU
		Release|x64 = Release|x64
		Release|x86 = Release|x86
	EndGlobalSection
	GlobalSection(SolutionProperties) = preSolution
		HideSolutionNode = FALSE
	EndGlobalSection
	GlobalSection(ProjectConfigurationPlatforms) = postSolution
		{DD6BF30E-340F-4707-B729-084F324C1D3E}.Debug|Any CPU.ActiveCfg = Debug|Any CPU
		{DD6BF30E-340F-4707-B729-084F324C1D3E}.Debug|Any CPU.Build.0 = Debug|Any CPU
		{DD6BF30E-340F-4707-B729-084F324C1D3E}.Debug|x64.ActiveCfg = Debug|Any CPU
		{DD6BF30E-340F-4707-B729-084F324C1D3E}.Debug|x64.Build.0 = Debug|Any CPU
		{DD6BF30E-340F-4707-B729-084F324C1D3E}.Debug|x86.ActiveCfg = Debug|Any CPU
		{DD6BF30E-340F-4707-B729-084F324C1D3E}.Debug|x86.Build.0 = Debug|Any CPU
		{DD6BF30E-340F-4707-B729-084F324C1D3E}.Release|Any CPU.ActiveCfg = Release|Any CPU
		{DD6BF30E-340F-4707-B729-084F324C1D3E}.Release|Any CPU.Build.0 = Release|Any CPU
		{DD6BF30E-340F-4707-B729-084F324C1D3E}.Release|x64.ActiveCfg = Release|Any CPU
		{DD6BF30E-340F-4707-B729-084F324C1D3E}.Release|x64.Build.0 = Release|Any CPU
		{DD6BF30E-340F-4707-B729-084F324C1D3E}.Release|x86.ActiveCfg = Release|Any CPU
		{DD6BF30E-340F-4707-B729-084F324C1D3E}.Release|x86.Build.0 = Release|Any CPU
		{7B76D2FA-E68B-421B-86F9-F520DC2A20A3}.Debug|Any CPU.ActiveCfg = Debug|Any CPU
		{7B76D2FA-E68B-421B-86F9-F520DC2A20A3}.Debug|Any CPU.Build.0 = Debug|Any CPU
		{7B76D2FA-E68B-421B-86F9-F520DC2A20A3}.Debug|x64.ActiveCfg = Debug|Any CPU
		{7B76D2FA-E68B-421B-86F9-F520DC2A20A3}.Debug|x64.Build.0 = Debug|Any CPU
		{7B76D2FA-E68B-421B-86F9-F520DC2A20A3}.Debug|x86.ActiveCfg = Debug|Any CPU
		{7B76D2FA-E68B-421B-86F9-F520DC2A20A3}.Debug|x86.Build.0 = Debug|Any CPU
		{7B76D2FA-E68B-421B-86F9-F520DC2A20A3}.Release|Any CPU.ActiveCfg = Release|Any CPU
		{7B76D2FA-E68B-421B-86F9-F520DC2A20A3}.Release|Any CPU.Build.0 = Release|Any CPU
		{7B76D2FA-E68B-421B-86F9-F520DC2A20A3}.Release|x64.ActiveCfg = Release|Any CPU
		{7B76D2FA-E68B-421B-86F9-F520DC2A20A3}.Release|x64.Build.0 = Release|Any CPU
		{7B76D2FA-E68B-421B-86F9-F520DC2A20A3}.Release|x86.ActiveCfg = Release|Any CPU
		{7B76D2FA-E68B-421B-86F9-F520DC2A20A3}.Release|x86.Build.0 = Release|Any CPU
		{3899335A-1223-4B80-A1A9-65A366A5AFDB}.Debug|Any CPU.ActiveCfg = Debug|Any CPU
		{3899335A-1223-4B80-A1A9-65A366A5AFDB}.Debug|Any CPU.Build.0 = Debug|Any CPU
		{3899335A-1223-4B80-A1A9-65A366A5AFDB}.Debug|x64.ActiveCfg = Debug|Any CPU
		{3899335A-1223-4B80-A1A9-65A366A5AFDB}.Debug|x64.Build.0 = Debug|Any CPU
		{3899335A-1223-4B80-A1A9-65A366A5AFDB}.Debug|x86.ActiveCfg = Debug|Any CPU
		{3899335A-1223-4B80-A1A9-65A366A5AFDB}.Debug|x86.Build.0 = Debug|Any CPU
		{3899335A-1223-4B80-A1A9-65A366A5AFDB}.Release|Any CPU.ActiveCfg = Release|Any CPU
		{3899335A-1223-4B80-A1A9-65A366A5AFDB}.Release|Any CPU.Build.0 = Release|Any CPU
		{3899335A-1223-4B80-A1A9-65A366A5AFDB}.Release|x64.ActiveCfg = Release|Any CPU
		{3899335A-1223-4B80-A1A9-65A366A5AFDB}.Release|x64.Build.0 = Release|Any CPU
		{3899335A-1223-4B80-A1A9-65A366A5AFDB}.Release|x86.ActiveCfg = Release|Any CPU
		{3899335A-1223-4B80-A1A9-65A366A5AFDB}.Release|x86.Build.0 = Release|Any CPU
		{72937ED4-2FD4-44C9-B03F-1374EB441F2C}.Debug|Any CPU.ActiveCfg = Debug|Any CPU
		{72937ED4-2FD4-44C9-B03F-1374EB441F2C}.Debug|Any CPU.Build.0 = Debug|Any CPU
		{72937ED4-2FD4-44C9-B03F-1374EB441F2C}.Debug|x64.ActiveCfg = Debug|Any CPU
		{72937ED4-2FD4-44C9-B03F-1374EB441F2C}.Debug|x64.Build.0 = Debug|Any CPU
		{72937ED4-2FD4-44C9-B03F-1374EB441F2C}.Debug|x86.ActiveCfg = Debug|Any CPU
		{72937ED4-2FD4-44C9-B03F-1374EB441F2C}.Debug|x86.Build.0 = Debug|Any CPU
		{72937ED4-2FD4-44C9-B03F-1374EB441F2C}.Release|Any CPU.ActiveCfg = Release|Any CPU
		{72937ED4-2FD4-44C9-B03F-1374EB441F2C}.Release|Any CPU.Build.0 = Release|Any CPU
		{72937ED4-2FD4-44C9-B03F-1374EB441F2C}.Release|x64.ActiveCfg = Release|Any CPU
		{72937ED4-2FD4-44C9-B03F-1374EB441F2C}.Release|x64.Build.0 = Release|Any CPU
		{72937ED4-2FD4-44C9-B03F-1374EB441F2C}.Release|x86.ActiveCfg = Release|Any CPU
		{72937ED4-2FD4-44C9-B03F-1374EB441F2C}.Release|x86.Build.0 = Release|Any CPU
		{24E7BD86-7403-4FEE-A87A-122FBBD274C9}.Debug|Any CPU.ActiveCfg = Debug|Any CPU
		{24E7BD86-7403-4FEE-A87A-122FBBD274C9}.Debug|Any CPU.Build.0 = Debug|Any CPU
		{24E7BD86-7403-4FEE-A87A-122FBBD274C9}.Debug|x64.ActiveCfg = Debug|Any CPU
		{24E7BD86-7403-4FEE-A87A-122FBBD274C9}.Debug|x64.Build.0 = Debug|Any CPU
		{24E7BD86-7403-4FEE-A87A-122FBBD274C9}.Debug|x86.ActiveCfg = Debug|Any CPU
		{24E7BD86-7403-4FEE-A87A-122FBBD274C9}.Debug|x86.Build.0 = Debug|Any CPU
		{24E7BD86-7403-4FEE-A87A-122FBBD274C9}.Release|Any CPU.ActiveCfg = Release|Any CPU
		{24E7BD86-7403-4FEE-A87A-122FBBD274C9}.Release|Any CPU.Build.0 = Release|Any CPU
		{24E7BD86-7403-4FEE-A87A-122FBBD274C9}.Release|x64.ActiveCfg = Release|Any CPU
		{24E7BD86-7403-4FEE-A87A-122FBBD274C9}.Release|x64.Build.0 = Release|Any CPU
		{24E7BD86-7403-4FEE-A87A-122FBBD274C9}.Release|x86.ActiveCfg = Release|Any CPU
		{24E7BD86-7403-4FEE-A87A-122FBBD274C9}.Release|x86.Build.0 = Release|Any CPU
		{DB669E00-06DD-4188-97EC-7144F9DEFD0B}.Debug|Any CPU.ActiveCfg = Debug|Any CPU
		{DB669E00-06DD-4188-97EC-7144F9DEFD0B}.Debug|Any CPU.Build.0 = Debug|Any CPU
		{DB669E00-06DD-4188-97EC-7144F9DEFD0B}.Debug|x64.ActiveCfg = Debug|Any CPU
		{DB669E00-06DD-4188-97EC-7144F9DEFD0B}.Debug|x64.Build.0 = Debug|Any CPU
		{DB669E00-06DD-4188-97EC-7144F9DEFD0B}.Debug|x86.ActiveCfg = Debug|Any CPU
		{DB669E00-06DD-4188-97EC-7144F9DEFD0B}.Debug|x86.Build.0 = Debug|Any CPU
		{DB669E00-06DD-4188-97EC-7144F9DEFD0B}.Release|Any CPU.ActiveCfg = Release|Any CPU
		{DB669E00-06DD-4188-97EC-7144F9DEFD0B}.Release|Any CPU.Build.0 = Release|Any CPU
		{DB669E00-06DD-4188-97EC-7144F9DEFD0B}.Release|x64.ActiveCfg = Release|Any CPU
		{DB669E00-06DD-4188-97EC-7144F9DEFD0B}.Release|x64.Build.0 = Release|Any CPU
		{DB669E00-06DD-4188-97EC-7144F9DEFD0B}.Release|x86.ActiveCfg = Release|Any CPU
		{DB669E00-06DD-4188-97EC-7144F9DEFD0B}.Release|x86.Build.0 = Release|Any CPU
		{CFEBE599-BCF8-4A28-A676-FA20C091C5A2}.Debug|Any CPU.ActiveCfg = Debug|Any CPU
		{CFEBE599-BCF8-4A28-A676-FA20C091C5A2}.Debug|Any CPU.Build.0 = Debug|Any CPU
		{CFEBE599-BCF8-4A28-A676-FA20C091C5A2}.Debug|x64.ActiveCfg = Debug|Any CPU
		{CFEBE599-BCF8-4A28-A676-FA20C091C5A2}.Debug|x64.Build.0 = Debug|Any CPU
		{CFEBE599-BCF8-4A28-A676-FA20C091C5A2}.Debug|x86.ActiveCfg = Debug|Any CPU
		{CFEBE599-BCF8-4A28-A676-FA20C091C5A2}.Debug|x86.Build.0 = Debug|Any CPU
		{CFEBE599-BCF8-4A28-A676-FA20C091C5A2}.Release|Any CPU.ActiveCfg = Release|Any CPU
		{CFEBE599-BCF8-4A28-A676-FA20C091C5A2}.Release|Any CPU.Build.0 = Release|Any CPU
		{CFEBE599-BCF8-4A28-A676-FA20C091C5A2}.Release|x64.ActiveCfg = Release|Any CPU
		{CFEBE599-BCF8-4A28-A676-FA20C091C5A2}.Release|x64.Build.0 = Release|Any CPU
		{CFEBE599-BCF8-4A28-A676-FA20C091C5A2}.Release|x86.ActiveCfg = Release|Any CPU
		{CFEBE599-BCF8-4A28-A676-FA20C091C5A2}.Release|x86.Build.0 = Release|Any CPU
	EndGlobalSection
	GlobalSection(NestedProjects) = preSolution
		{CFEBE599-BCF8-4A28-A676-FA20C091C5A2} = {E35DED20-12BB-11EB-B7FD-A7346BE74383}
		{DB669E00-06DD-4188-97EC-7144F9DEFD0B} = {E35DED20-12BB-11EB-B7FD-A7346BE74383}
		{7B76D2FA-E68B-421B-86F9-F520DC2A20A3} = {E35DED20-12BB-11EB-B7FD-A7346BE74383}
		{DD6BF30E-340F-4707-B729-084F324C1D3E} = {E35DED20-12BB-11EB-B7FD-A7346BE74383}
	EndGlobalSection
EndGlobal
